
Microsoft Visual Studio Solution File, Format Version 12.00
# Visual Studio 15
VisualStudioVersion = 15.0.27004.2009
MinimumVisualStudioVersion = 10.0.40219.1
Project("{FAE04EC0-301F-11D3-BF4B-00C04F79EFBC}") = "SkeletonJoints", "SkeletonJoints\SkeletonJoints.csproj", "{D2FF5D3F-8EBB-46DE-86D2-A43BD35BA670}"
EndProject
Global
	GlobalSection(SolutionConfigurationPlatforms) = preSolution
		Debug|Any CPU = Debug|Any CPU
		Release|Any CPU = Release|Any CPU
	EndGlobalSection
	GlobalSection(ProjectConfigurationPlatforms) = postSolution
		{D2FF5D3F-8EBB-46DE-86D2-A43BD35BA670}.Debug|Any CPU.ActiveCfg = Debug|Any CPU
		{D2FF5D3F-8EBB-46DE-86D2-A43BD35BA670}.Debug|Any CPU.Build.0 = Debug|Any CPU
		{D2FF5D3F-8EBB-46DE-86D2-A43BD35BA670}.Release|Any CPU.ActiveCfg = Release|Any CPU
		{D2FF5D3F-8EBB-46DE-86D2-A43BD35BA670}.Release|Any CPU.Build.0 = Release|Any CPU
	EndGlobalSection
	GlobalSection(SolutionProperties) = preSolution
		HideSolutionNode = FALSE
	EndGlobalSection
	GlobalSection(ExtensibilityGlobals) = postSolution
		SolutionGuid = {9E292422-B18A-43B6-9F7D-46871B6CE7C0}
	EndGlobalSection
EndGlobal
