
Microsoft Visual Studio Solution File, Format Version 12.00
# Visual Studio 15
VisualStudioVersion = 15.0.27004.2009
MinimumVisualStudioVersion = 10.0.40219.1
Project("{FAE04EC0-301F-11D3-BF4B-00C04F79EFBC}") = "DotPuzzle", "DotPuzzle\DotPuzzle.csproj", "{AFFE4667-429D-4405-A2D8-02BDD0D62C74}"
EndProject
Global
	GlobalSection(SolutionConfigurationPlatforms) = preSolution
		Debug|Any CPU = Debug|Any CPU
		Release|Any CPU = Release|Any CPU
	EndGlobalSection
	GlobalSection(ProjectConfigurationPlatforms) = postSolution
		{AFFE4667-429D-4405-A2D8-02BDD0D62C74}.Debug|Any CPU.ActiveCfg = Debug|Any CPU
		{AFFE4667-429D-4405-A2D8-02BDD0D62C74}.Debug|Any CPU.Build.0 = Debug|Any CPU
		{AFFE4667-429D-4405-A2D8-02BDD0D62C74}.Release|Any CPU.ActiveCfg = Release|Any CPU
		{AFFE4667-429D-4405-A2D8-02BDD0D62C74}.Release|Any CPU.Build.0 = Release|Any CPU
	EndGlobalSection
	GlobalSection(SolutionProperties) = preSolution
		HideSolutionNode = FALSE
	EndGlobalSection
	GlobalSection(ExtensibilityGlobals) = postSolution
		SolutionGuid = {909B037E-60F9-4F16-90C7-6D3A33D26369}
	EndGlobalSection
EndGlobal
